{
  "name": "linear-regression",
  "version": "1.0.0",
  "lockfileVersion": 1,
  "requires": true,
  "dependencies": {
    "cayenne-lpp": {
      "version": "1.0.2",
      "resolved": "https://registry.npmjs.org/cayenne-lpp/-/cayenne-lpp-1.0.2.tgz",
      "integrity": "sha512-PKNxyn9c4xrKgR/U6x9Kv3r3iMOBca0NTuezsPgaNSAdbOn06Nq1rx+c9XtaD0PV/sLnpi/eD+rBEJw6MFUBOw=="
    }
  }
}
